
Microsoft Visual Studio Solution File, Format Version 12.00
# Visual Studio Version 16
VisualStudioVersion = 16.0.30114.105
MinimumVisualStudioVersion = 10.0.40219.1
Project("{FAE04EC0-301F-11D3-BF4B-00C04F79EFBC}") = "lib", "lib\lib.csproj", "{D873C857-17D2-4139-B2DE-BAA5A97D0E44}"
EndProject
Project("{FAE04EC0-301F-11D3-BF4B-00C04F79EFBC}") = "UI", "UI\UI.csproj", "{1FA6F26F-4F44-4D51-9F8D-ED7E0D4AEDC5}"
EndProject
Project("{FAE04EC0-301F-11D3-BF4B-00C04F79EFBC}") = "tests", "tests\tests.csproj", "{9D0F7E28-AED8-4644-B9E2-BAA6545B4CCB}"
EndProject
Global
	GlobalSection(SolutionConfigurationPlatforms) = preSolution
		Debug|Any CPU = Debug|Any CPU
		Release|Any CPU = Release|Any CPU
	EndGlobalSection
	GlobalSection(SolutionProperties) = preSolution
		HideSolutionNode = FALSE
	EndGlobalSection
	GlobalSection(ProjectConfigurationPlatforms) = postSolution
		{D873C857-17D2-4139-B2DE-BAA5A97D0E44}.Debug|Any CPU.ActiveCfg = Debug|Any CPU
		{D873C857-17D2-4139-B2DE-BAA5A97D0E44}.Debug|Any CPU.Build.0 = Debug|Any CPU
		{D873C857-17D2-4139-B2DE-BAA5A97D0E44}.Release|Any CPU.ActiveCfg = Release|Any CPU
		{D873C857-17D2-4139-B2DE-BAA5A97D0E44}.Release|Any CPU.Build.0 = Release|Any CPU
		{1FA6F26F-4F44-4D51-9F8D-ED7E0D4AEDC5}.Debug|Any CPU.ActiveCfg = Debug|Any CPU
		{1FA6F26F-4F44-4D51-9F8D-ED7E0D4AEDC5}.Debug|Any CPU.Build.0 = Debug|Any CPU
		{1FA6F26F-4F44-4D51-9F8D-ED7E0D4AEDC5}.Release|Any CPU.ActiveCfg = Release|Any CPU
		{1FA6F26F-4F44-4D51-9F8D-ED7E0D4AEDC5}.Release|Any CPU.Build.0 = Release|Any CPU
		{9D0F7E28-AED8-4644-B9E2-BAA6545B4CCB}.Debug|Any CPU.ActiveCfg = Debug|Any CPU
		{9D0F7E28-AED8-4644-B9E2-BAA6545B4CCB}.Debug|Any CPU.Build.0 = Debug|Any CPU
		{9D0F7E28-AED8-4644-B9E2-BAA6545B4CCB}.Release|Any CPU.ActiveCfg = Release|Any CPU
		{9D0F7E28-AED8-4644-B9E2-BAA6545B4CCB}.Release|Any CPU.Build.0 = Release|Any CPU
	EndGlobalSection
EndGlobal
